
Microsoft Visual Studio Solution File, Format Version 12.00
# Visual Studio 15
VisualStudioVersion = 15.0.26730.3
MinimumVisualStudioVersion = 10.0.40219.1
Project("{9092AA53-FB77-4645-B42D-1CCCA6BD08BD}") = "NodeServer", "NodeServer\NodeServer.njsproj", "{DCE8E120-EE15-4CE8-BCFA-69F94FBA60EB}"
EndProject
Global
	GlobalSection(SolutionConfigurationPlatforms) = preSolution
		Debug|Any CPU = Debug|Any CPU
		Release|Any CPU = Release|Any CPU
	EndGlobalSection
	GlobalSection(ProjectConfigurationPlatforms) = postSolution
		{DCE8E120-EE15-4CE8-BCFA-69F94FBA60EB}.Debug|Any CPU.ActiveCfg = Debug|Any CPU
		{DCE8E120-EE15-4CE8-BCFA-69F94FBA60EB}.Debug|Any CPU.Build.0 = Debug|Any CPU
		{DCE8E120-EE15-4CE8-BCFA-69F94FBA60EB}.Release|Any CPU.ActiveCfg = Release|Any CPU
		{DCE8E120-EE15-4CE8-BCFA-69F94FBA60EB}.Release|Any CPU.Build.0 = Release|Any CPU
	EndGlobalSection
	GlobalSection(SolutionProperties) = preSolution
		HideSolutionNode = FALSE
	EndGlobalSection
	GlobalSection(ExtensibilityGlobals) = postSolution
		SolutionGuid = {29CA6C8F-63BC-4E78-AEFD-52E6B79A39C2}
	EndGlobalSection
EndGlobal
